{
  "name": "desafio-cadastra",
  "version": "1.0.0",
  "lockfileVersion": 3,
  "requires": true,
  "packages": {
    "": {
      "name": "desafio-cadastra",
      "version": "1.0.0",
      "license": "ISC",
      "dependencies": {
        "lucide": "^0.400.0"
      }
    },
    "node_modules/lucide": {
      "version": "0.400.0",
      "resolved": "https://registry.npmjs.org/lucide/-/lucide-0.400.0.tgz",
      "integrity": "sha512-/3WKHrf7rIsy5Fi1glFTJyZ+B9YkPRDh5NfBqcEyaqTQ+ceLuZeAOgNjJmKmek7bDUdx0M1xJ0E6XN2swJYPug==",
      "license": "ISC"
    }
  }
}
